
Microsoft Visual Studio Solution File, Format Version 12.00
# Visual Studio Version 17
VisualStudioVersion = 17.10.34916.146
MinimumVisualStudioVersion = 10.0.40219.1
Project("{FAE04EC0-301F-11D3-BF4B-00C04F79EFBC}") = "ex", "ex.csproj", "{A3C1EEA4-6AB4-4CE6-9C24-1D7DAC7BE6C3}"
EndProject
Global
	GlobalSection(SolutionConfigurationPlatforms) = preSolution
		Debug|Any CPU = Debug|Any CPU
		Release|Any CPU = Release|Any CPU
	EndGlobalSection
	GlobalSection(ProjectConfigurationPlatforms) = postSolution
		{A3C1EEA4-6AB4-4CE6-9C24-1D7DAC7BE6C3}.Debug|Any CPU.ActiveCfg = Debug|Any CPU
		{A3C1EEA4-6AB4-4CE6-9C24-1D7DAC7BE6C3}.Debug|Any CPU.Build.0 = Debug|Any CPU
		{A3C1EEA4-6AB4-4CE6-9C24-1D7DAC7BE6C3}.Release|Any CPU.ActiveCfg = Release|Any CPU
		{A3C1EEA4-6AB4-4CE6-9C24-1D7DAC7BE6C3}.Release|Any CPU.Build.0 = Release|Any CPU
	EndGlobalSection
	GlobalSection(SolutionProperties) = preSolution
		HideSolutionNode = FALSE
	EndGlobalSection
	GlobalSection(ExtensibilityGlobals) = postSolution
		SolutionGuid = {53C14C00-1DDC-42F7-8C89-D1976802D221}
	EndGlobalSection
EndGlobal
